{
    "version": 3,
    "terraform_version": "0.11.13",
    "serial": 3,
    "lineage": "7b06149a-ecb0-57c0-c870-917ba9a26033",
    "modules": [
        {
            "path": [
                "root"
            ],
            "outputs": {},
            "resources": {
                "azurerm_network_interface.MongoTNIC": {
                    "type": "azurerm_network_interface",
                    "depends_on": [
                        "azurerm_network_security_group.MySecondnsg",
                        "azurerm_subnet.MySecondSubnet"
                    ],
                    "primary": {
                        "id": "/subscriptions/0dcfd83f-ac2a-4783-b92c-c297a2c879e3/resourceGroups/tp-final/providers/Microsoft.Network/networkInterfaces/NIC4",
                        "attributes": {
                            "applied_dns_servers.#": "0",
                            "dns_servers.#": "0",
                            "enable_accelerated_networking": "false",
                            "enable_ip_forwarding": "false",
                            "id": "/subscriptions/0dcfd83f-ac2a-4783-b92c-c297a2c879e3/resourceGroups/tp-final/providers/Microsoft.Network/networkInterfaces/NIC4",
                            "internal_dns_name_label": "",
                            "internal_fqdn": "",
                            "ip_configuration.#": "1",
                            "ip_configuration.0.application_gateway_backend_address_pools_ids.#": "0",
                            "ip_configuration.0.application_security_group_ids.#": "0",
                            "ip_configuration.0.load_balancer_backend_address_pools_ids.#": "0",
                            "ip_configuration.0.load_balancer_inbound_nat_rules_ids.#": "0",
                            "ip_configuration.0.name": "NICconfig4",
                            "ip_configuration.0.primary": "true",
                            "ip_configuration.0.private_ip_address": "10.0.3.5",
                            "ip_configuration.0.private_ip_address_allocation": "dynamic",
                            "ip_configuration.0.private_ip_address_version": "IPv4",
                            "ip_configuration.0.public_ip_address_id": "",
                            "ip_configuration.0.subnet_id": "/subscriptions/0dcfd83f-ac2a-4783-b92c-c297a2c879e3/resourceGroups/tp-final/providers/Microsoft.Network/virtualNetworks/PileVnet/subnets/Subnet2",
                            "location": "francecentral",
                            "mac_address": "",
                            "name": "NIC4",
                            "network_security_group_id": "/subscriptions/0dcfd83f-ac2a-4783-b92c-c297a2c879e3/resourceGroups/tp-final/providers/Microsoft.Network/networkSecurityGroups/Nsg2",
                            "private_ip_address": "10.0.3.5",
                            "private_ip_addresses.#": "1",
                            "private_ip_addresses.0": "10.0.3.5",
                            "resource_group_name": "tp-final",
                            "tags.%": "0"
                        },
                        "meta": {},
                        "tainted": false
                    },
                    "deposed": [],
                    "provider": "provider.azurerm"
                },
                "azurerm_network_interface.TestNIC": {
                    "type": "azurerm_network_interface",
                    "depends_on": [
                        "azurerm_network_security_group.MySecondnsg",
                        "azurerm_subnet.MySecondSubnet"
                    ],
                    "primary": {
                        "id": "/subscriptions/0dcfd83f-ac2a-4783-b92c-c297a2c879e3/resourceGroups/tp-final/providers/Microsoft.Network/networkInterfaces/NIC3",
                        "attributes": {
                            "applied_dns_servers.#": "0",
                            "dns_servers.#": "0",
                            "enable_accelerated_networking": "false",
                            "enable_ip_forwarding": "false",
                            "id": "/subscriptions/0dcfd83f-ac2a-4783-b92c-c297a2c879e3/resourceGroups/tp-final/providers/Microsoft.Network/networkInterfaces/NIC3",
                            "internal_dns_name_label": "",
                            "internal_fqdn": "",
                            "ip_configuration.#": "1",
                            "ip_configuration.0.application_gateway_backend_address_pools_ids.#": "0",
                            "ip_configuration.0.application_security_group_ids.#": "0",
                            "ip_configuration.0.load_balancer_backend_address_pools_ids.#": "0",
                            "ip_configuration.0.load_balancer_inbound_nat_rules_ids.#": "0",
                            "ip_configuration.0.name": "NICconfig3",
                            "ip_configuration.0.primary": "true",
                            "ip_configuration.0.private_ip_address": "10.0.3.4",
                            "ip_configuration.0.private_ip_address_allocation": "dynamic",
                            "ip_configuration.0.private_ip_address_version": "IPv4",
                            "ip_configuration.0.public_ip_address_id": "",
                            "ip_configuration.0.subnet_id": "/subscriptions/0dcfd83f-ac2a-4783-b92c-c297a2c879e3/resourceGroups/tp-final/providers/Microsoft.Network/virtualNetworks/PileVnet/subnets/Subnet2",
                            "location": "francecentral",
                            "mac_address": "",
                            "name": "NIC3",
                            "network_security_group_id": "/subscriptions/0dcfd83f-ac2a-4783-b92c-c297a2c879e3/resourceGroups/tp-final/providers/Microsoft.Network/networkSecurityGroups/Nsg2",
                            "private_ip_address": "10.0.3.4",
                            "private_ip_addresses.#": "1",
                            "private_ip_addresses.0": "10.0.3.4",
                            "resource_group_name": "tp-final",
                            "tags.%": "0"
                        },
                        "meta": {},
                        "tainted": false
                    },
                    "deposed": [],
                    "provider": "provider.azurerm"
                },
                "azurerm_network_security_group.MySecondnsg": {
                    "type": "azurerm_network_security_group",
                    "depends_on": [],
                    "primary": {
                        "id": "/subscriptions/0dcfd83f-ac2a-4783-b92c-c297a2c879e3/resourceGroups/tp-final/providers/Microsoft.Network/networkSecurityGroups/Nsg2",
                        "attributes": {
                            "id": "/subscriptions/0dcfd83f-ac2a-4783-b92c-c297a2c879e3/resourceGroups/tp-final/providers/Microsoft.Network/networkSecurityGroups/Nsg2",
                            "location": "francecentral",
                            "name": "Nsg2",
                            "resource_group_name": "tp-final",
                            "security_rule.#": "2",
                            "security_rule.1720334039.access": "Allow",
                            "security_rule.1720334039.description": "",
                            "security_rule.1720334039.destination_address_prefix": "*",
                            "security_rule.1720334039.destination_address_prefixes.#": "0",
                            "security_rule.1720334039.destination_application_security_group_ids.#": "0",
                            "security_rule.1720334039.destination_port_range": "80",
                            "security_rule.1720334039.destination_port_ranges.#": "0",
                            "security_rule.1720334039.direction": "Inbound",
                            "security_rule.1720334039.name": "HTTP",
                            "security_rule.1720334039.priority": "1002",
                            "security_rule.1720334039.protocol": "TCP",
                            "security_rule.1720334039.source_address_prefix": "*",
                            "security_rule.1720334039.source_address_prefixes.#": "0",
                            "security_rule.1720334039.source_application_security_group_ids.#": "0",
                            "security_rule.1720334039.source_port_range": "*",
                            "security_rule.1720334039.source_port_ranges.#": "0",
                            "security_rule.2286085285.access": "Allow",
                            "security_rule.2286085285.description": "",
                            "security_rule.2286085285.destination_address_prefix": "*",
                            "security_rule.2286085285.destination_address_prefixes.#": "0",
                            "security_rule.2286085285.destination_application_security_group_ids.#": "0",
                            "security_rule.2286085285.destination_port_range": "22",
                            "security_rule.2286085285.destination_port_ranges.#": "0",
                            "security_rule.2286085285.direction": "Inbound",
                            "security_rule.2286085285.name": "SSH",
                            "security_rule.2286085285.priority": "1001",
                            "security_rule.2286085285.protocol": "TCP",
                            "security_rule.2286085285.source_address_prefix": "*",
                            "security_rule.2286085285.source_address_prefixes.#": "0",
                            "security_rule.2286085285.source_application_security_group_ids.#": "0",
                            "security_rule.2286085285.source_port_range": "*",
                            "security_rule.2286085285.source_port_ranges.#": "0",
                            "tags.%": "0"
                        },
                        "meta": {},
                        "tainted": false
                    },
                    "deposed": [],
                    "provider": "provider.azurerm"
                },
                "azurerm_subnet.MySecondSubnet": {
                    "type": "azurerm_subnet",
                    "depends_on": [],
                    "primary": {
                        "id": "/subscriptions/0dcfd83f-ac2a-4783-b92c-c297a2c879e3/resourceGroups/tp-final/providers/Microsoft.Network/virtualNetworks/PileVnet/subnets/Subnet2",
                        "attributes": {
                            "address_prefix": "10.0.3.0/24",
                            "delegation.#": "0",
                            "enforce_private_link_endpoint_network_policies": "false",
                            "enforce_private_link_service_network_policies": "false",
                            "id": "/subscriptions/0dcfd83f-ac2a-4783-b92c-c297a2c879e3/resourceGroups/tp-final/providers/Microsoft.Network/virtualNetworks/PileVnet/subnets/Subnet2",
                            "ip_configurations.#": "0",
                            "name": "Subnet2",
                            "network_security_group_id": "",
                            "resource_group_name": "tp-final",
                            "route_table_id": "",
                            "service_endpoints.#": "0",
                            "virtual_network_name": "PileVnet"
                        },
                        "meta": {},
                        "tainted": false
                    },
                    "deposed": [],
                    "provider": "provider.azurerm"
                },
                "data.azurerm_resource_group.rg": {
                    "type": "azurerm_resource_group",
                    "depends_on": [],
                    "primary": {
                        "id": "/subscriptions/0dcfd83f-ac2a-4783-b92c-c297a2c879e3/resourceGroups/tp-final",
                        "attributes": {
                            "id": "/subscriptions/0dcfd83f-ac2a-4783-b92c-c297a2c879e3/resourceGroups/tp-final",
                            "location": "francecentral",
                            "name": "tp-final",
                            "tags.%": "1",
                            "tags.owner": "morad"
                        },
                        "meta": {},
                        "tainted": false
                    },
                    "deposed": [],
                    "provider": "provider.azurerm"
                },
                "data.azurerm_virtual_network.PileVnet": {
                    "type": "azurerm_virtual_network",
                    "depends_on": [],
                    "primary": {
                        "id": "/subscriptions/0dcfd83f-ac2a-4783-b92c-c297a2c879e3/resourceGroups/tp-final/providers/Microsoft.Network/virtualNetworks/PileVnet",
                        "attributes": {
                            "address_space.#": "1",
                            "address_space.0": "10.0.0.0/16",
                            "address_spaces.#": "1",
                            "address_spaces.0": "10.0.0.0/16",
                            "dns_servers.#": "0",
                            "id": "/subscriptions/0dcfd83f-ac2a-4783-b92c-c297a2c879e3/resourceGroups/tp-final/providers/Microsoft.Network/virtualNetworks/PileVnet",
                            "location": "francecentral",
                            "name": "PileVnet",
                            "resource_group_name": "tp-final",
                            "subnets.#": "1",
                            "subnets.0": "Subnet1",
                            "vnet_peerings.%": "0"
                        },
                        "meta": {},
                        "tainted": false
                    },
                    "deposed": [],
                    "provider": "provider.azurerm"
                }
            },
            "depends_on": []
        }
    ]
}
