{
    "version": 3,
    "terraform_version": "0.11.11",
    "serial": 4,
    "lineage": "4ed439dd-be79-a430-9a34-271e664766cd",
    "modules": [
        {
            "path": [
                "root"
            ],
            "outputs": {},
            "resources": {
                "azurerm_virtual_network.PileVnet": {
                    "type": "azurerm_virtual_network",
                    "depends_on": [],
                    "primary": {
                        "id": "/subscriptions/3ce1e65b-0d33-4c30-b8f0-d9414f79745c/resourceGroups/tp-final/providers/Microsoft.Network/virtualNetworks/PileVnet",
                        "attributes": {
                            "address_space.#": "1",
                            "address_space.0": "10.0.0.0/16",
                            "ddos_protection_plan.#": "0",
                            "dns_servers.#": "0",
                            "id": "/subscriptions/3ce1e65b-0d33-4c30-b8f0-d9414f79745c/resourceGroups/tp-final/providers/Microsoft.Network/virtualNetworks/PileVnet",
                            "location": "francecentral",
                            "name": "PileVnet",
                            "resource_group_name": "tp-final",
                            "subnet.#": "3",
                            "subnet.2102590162.address_prefix": "10.0.5.0/24",
                            "subnet.2102590162.id": "/subscriptions/3ce1e65b-0d33-4c30-b8f0-d9414f79745c/resourceGroups/tp-final/providers/Microsoft.Network/virtualNetworks/PileVnet/subnets/Subnet3",
                            "subnet.2102590162.name": "Subnet3",
                            "subnet.2102590162.security_group": "",
                            "subnet.2405327347.address_prefix": "10.0.6.0/24",
                            "subnet.2405327347.id": "/subscriptions/3ce1e65b-0d33-4c30-b8f0-d9414f79745c/resourceGroups/tp-final/providers/Microsoft.Network/virtualNetworks/PileVnet/subnets/Subnet4",
                            "subnet.2405327347.name": "Subnet4",
                            "subnet.2405327347.security_group": "",
                            "subnet.816731552.address_prefix": "10.0.3.0/24",
                            "subnet.816731552.id": "/subscriptions/3ce1e65b-0d33-4c30-b8f0-d9414f79745c/resourceGroups/tp-final/providers/Microsoft.Network/virtualNetworks/PileVnet/subnets/Subnet2",
                            "subnet.816731552.name": "Subnet2",
                            "subnet.816731552.security_group": "",
                            "tags.%": "0"
                        },
                        "meta": {},
                        "tainted": false
                    },
                    "deposed": [],
                    "provider": "provider.azurerm"
                }
            },
            "depends_on": []
        }
    ]
}
