{
    "version": 3,
    "terraform_version": "0.11.11",
    "serial": 8,
    "lineage": "17d2e540-d0c2-ec00-bdb1-587e8814391b",
    "modules": [
        {
            "path": [
                "root"
            ],
            "outputs": {},
            "resources": {
                "azurerm_network_interface.ProdNIC": {
                    "type": "azurerm_network_interface",
                    "depends_on": [
                        "azurerm_network_security_group.MyFourthnsg",
                        "azurerm_public_ip.MySecondPubIp",
                        "azurerm_subnet.MyFourthSubnet"
                    ],
                    "primary": {
                        "id": "/subscriptions/3ce1e65b-0d33-4c30-b8f0-d9414f79745c/resourceGroups/tp-final/providers/Microsoft.Network/networkInterfaces/NIC6",
                        "attributes": {
                            "applied_dns_servers.#": "0",
                            "dns_servers.#": "0",
                            "enable_accelerated_networking": "false",
                            "enable_ip_forwarding": "false",
                            "id": "/subscriptions/3ce1e65b-0d33-4c30-b8f0-d9414f79745c/resourceGroups/tp-final/providers/Microsoft.Network/networkInterfaces/NIC6",
                            "internal_dns_name_label": "",
                            "internal_fqdn": "",
                            "ip_configuration.#": "1",
                            "ip_configuration.0.application_gateway_backend_address_pools_ids.#": "0",
                            "ip_configuration.0.application_security_group_ids.#": "0",
                            "ip_configuration.0.load_balancer_backend_address_pools_ids.#": "0",
                            "ip_configuration.0.load_balancer_inbound_nat_rules_ids.#": "0",
                            "ip_configuration.0.name": "NICconfig6",
                            "ip_configuration.0.primary": "true",
                            "ip_configuration.0.private_ip_address": "10.0.6.4",
                            "ip_configuration.0.private_ip_address_allocation": "dynamic",
                            "ip_configuration.0.private_ip_address_version": "IPv4",
                            "ip_configuration.0.public_ip_address_id": "/subscriptions/3ce1e65b-0d33-4c30-b8f0-d9414f79745c/resourceGroups/tp-final/providers/Microsoft.Network/publicIPAddresses/pubIp2",
                            "ip_configuration.0.subnet_id": "/subscriptions/3ce1e65b-0d33-4c30-b8f0-d9414f79745c/resourceGroups/tp-final/providers/Microsoft.Network/virtualNetworks/PileVnet/subnets/Subnet4",
                            "location": "francecentral",
                            "mac_address": "00-0D-3A-89-5D-2F",
                            "name": "NIC6",
                            "network_security_group_id": "/subscriptions/3ce1e65b-0d33-4c30-b8f0-d9414f79745c/resourceGroups/tp-final/providers/Microsoft.Network/networkSecurityGroups/Nsg4",
                            "private_ip_address": "10.0.6.4",
                            "private_ip_addresses.#": "1",
                            "private_ip_addresses.0": "10.0.6.4",
                            "resource_group_name": "tp-final",
                            "tags.%": "0",
                            "virtual_machine_id": "/subscriptions/3ce1e65b-0d33-4c30-b8f0-d9414f79745c/resourceGroups/tp-final/providers/Microsoft.Compute/virtualMachines/ProdVM"
                        },
                        "meta": {},
                        "tainted": false
                    },
                    "deposed": [],
                    "provider": "provider.azurerm"
                },
                "azurerm_network_security_group.MyFourthnsg": {
                    "type": "azurerm_network_security_group",
                    "depends_on": [],
                    "primary": {
                        "id": "/subscriptions/3ce1e65b-0d33-4c30-b8f0-d9414f79745c/resourceGroups/tp-final/providers/Microsoft.Network/networkSecurityGroups/Nsg4",
                        "attributes": {
                            "id": "/subscriptions/3ce1e65b-0d33-4c30-b8f0-d9414f79745c/resourceGroups/tp-final/providers/Microsoft.Network/networkSecurityGroups/Nsg4",
                            "location": "francecentral",
                            "name": "Nsg4",
                            "resource_group_name": "tp-final",
                            "security_rule.#": "2",
                            "security_rule.1720334039.access": "Allow",
                            "security_rule.1720334039.description": "",
                            "security_rule.1720334039.destination_address_prefix": "*",
                            "security_rule.1720334039.destination_address_prefixes.#": "0",
                            "security_rule.1720334039.destination_application_security_group_ids.#": "0",
                            "security_rule.1720334039.destination_port_range": "80",
                            "security_rule.1720334039.destination_port_ranges.#": "0",
                            "security_rule.1720334039.direction": "Inbound",
                            "security_rule.1720334039.name": "HTTP",
                            "security_rule.1720334039.priority": "1002",
                            "security_rule.1720334039.protocol": "TCP",
                            "security_rule.1720334039.source_address_prefix": "*",
                            "security_rule.1720334039.source_address_prefixes.#": "0",
                            "security_rule.1720334039.source_application_security_group_ids.#": "0",
                            "security_rule.1720334039.source_port_range": "*",
                            "security_rule.1720334039.source_port_ranges.#": "0",
                            "security_rule.2286085285.access": "Allow",
                            "security_rule.2286085285.description": "",
                            "security_rule.2286085285.destination_address_prefix": "*",
                            "security_rule.2286085285.destination_address_prefixes.#": "0",
                            "security_rule.2286085285.destination_application_security_group_ids.#": "0",
                            "security_rule.2286085285.destination_port_range": "22",
                            "security_rule.2286085285.destination_port_ranges.#": "0",
                            "security_rule.2286085285.direction": "Inbound",
                            "security_rule.2286085285.name": "SSH",
                            "security_rule.2286085285.priority": "1001",
                            "security_rule.2286085285.protocol": "TCP",
                            "security_rule.2286085285.source_address_prefix": "*",
                            "security_rule.2286085285.source_address_prefixes.#": "0",
                            "security_rule.2286085285.source_application_security_group_ids.#": "0",
                            "security_rule.2286085285.source_port_range": "*",
                            "security_rule.2286085285.source_port_ranges.#": "0",
                            "tags.%": "0"
                        },
                        "meta": {},
                        "tainted": false
                    },
                    "deposed": [],
                    "provider": "provider.azurerm"
                },
                "azurerm_public_ip.MySecondPubIp": {
                    "type": "azurerm_public_ip",
                    "depends_on": [],
                    "primary": {
                        "id": "/subscriptions/3ce1e65b-0d33-4c30-b8f0-d9414f79745c/resourceGroups/tp-final/providers/Microsoft.Network/publicIPAddresses/pubIp2",
                        "attributes": {
                            "allocation_method": "Dynamic",
                            "domain_name_label": "prod-om",
                            "fqdn": "prod-om.francecentral.cloudapp.azure.com",
                            "id": "/subscriptions/3ce1e65b-0d33-4c30-b8f0-d9414f79745c/resourceGroups/tp-final/providers/Microsoft.Network/publicIPAddresses/pubIp2",
                            "idle_timeout_in_minutes": "4",
                            "ip_address": "52.143.165.176",
                            "ip_version": "IPv4",
                            "location": "francecentral",
                            "name": "pubIp2",
                            "public_ip_address_allocation": "Dynamic",
                            "resource_group_name": "tp-final",
                            "reverse_fqdn": "",
                            "sku": "Basic",
                            "tags.%": "0",
                            "zones.#": "0"
                        },
                        "meta": {},
                        "tainted": false
                    },
                    "deposed": [],
                    "provider": "provider.azurerm"
                },
                "azurerm_resource_group.rg": {
                    "type": "azurerm_resource_group",
                    "depends_on": [],
                    "primary": {
                        "id": "/subscriptions/3ce1e65b-0d33-4c30-b8f0-d9414f79745c/resourceGroups/tp-final",
                        "attributes": {
                            "id": "/subscriptions/3ce1e65b-0d33-4c30-b8f0-d9414f79745c/resourceGroups/tp-final",
                            "location": "francecentral",
                            "name": "tp-final",
                            "tags.%": "1",
                            "tags.owner": "morad"
                        },
                        "meta": {},
                        "tainted": false
                    },
                    "deposed": [],
                    "provider": "provider.azurerm"
                },
                "azurerm_subnet.MyFourthSubnet": {
                    "type": "azurerm_subnet",
                    "depends_on": [],
                    "primary": {
                        "id": "/subscriptions/3ce1e65b-0d33-4c30-b8f0-d9414f79745c/resourceGroups/tp-final/providers/Microsoft.Network/virtualNetworks/PileVnet/subnets/Subnet4",
                        "attributes": {
                            "address_prefix": "10.0.6.0/24",
                            "delegation.#": "0",
                            "enforce_private_link_endpoint_network_policies": "false",
                            "enforce_private_link_service_network_policies": "false",
                            "id": "/subscriptions/3ce1e65b-0d33-4c30-b8f0-d9414f79745c/resourceGroups/tp-final/providers/Microsoft.Network/virtualNetworks/PileVnet/subnets/Subnet4",
                            "ip_configurations.#": "1",
                            "ip_configurations.1712432096": "/subscriptions/3ce1e65b-0d33-4c30-b8f0-d9414f79745c/resourceGroups/tp-final/providers/Microsoft.Network/networkInterfaces/NIC6/ipConfigurations/NICconfig6",
                            "name": "Subnet4",
                            "network_security_group_id": "",
                            "resource_group_name": "tp-final",
                            "route_table_id": "",
                            "service_endpoints.#": "0",
                            "virtual_network_name": "PileVnet"
                        },
                        "meta": {},
                        "tainted": false
                    },
                    "deposed": [],
                    "provider": "provider.azurerm"
                },
                "azurerm_virtual_machine.ProdVM": {
                    "type": "azurerm_virtual_machine",
                    "depends_on": [
                        "azurerm_network_interface.ProdNIC"
                    ],
                    "primary": {
                        "id": "/subscriptions/3ce1e65b-0d33-4c30-b8f0-d9414f79745c/resourceGroups/tp-final/providers/Microsoft.Compute/virtualMachines/ProdVM",
                        "attributes": {
                            "additional_capabilities.#": "0",
                            "delete_data_disks_on_termination": "false",
                            "delete_os_disk_on_termination": "false",
                            "id": "/subscriptions/3ce1e65b-0d33-4c30-b8f0-d9414f79745c/resourceGroups/tp-final/providers/Microsoft.Compute/virtualMachines/ProdVM",
                            "identity.#": "0",
                            "location": "francecentral",
                            "name": "ProdVM",
                            "network_interface_ids.#": "1",
                            "network_interface_ids.0": "/subscriptions/3ce1e65b-0d33-4c30-b8f0-d9414f79745c/resourceGroups/tp-final/providers/Microsoft.Network/networkInterfaces/NIC6",
                            "os_profile.#": "1",
                            "os_profile.3495883424.admin_password": "",
                            "os_profile.3495883424.admin_username": "morad",
                            "os_profile.3495883424.computer_name": "ProdVm",
                            "os_profile.3495883424.custom_data": "",
                            "os_profile_linux_config.#": "1",
                            "os_profile_linux_config.69840937.disable_password_authentication": "true",
                            "os_profile_linux_config.69840937.ssh_keys.#": "1",
                            "os_profile_linux_config.69840937.ssh_keys.0.key_data": "ssh-rsa AAAAB3NzaC1yc2EAAAADAQABAAABAQDGohpqAIiQO6xTwTStlF8FOlHoTS9ezANcFEjCHRAXY1ryyKgasbkx3XoXyiX3LhzBiBdVl83GDrhumbci2cybZOWY8iSS+Dls6/qhZni1u7uRfcKyv5p/JLCE8pqSMuFdUICMhgJ3dOf/GYU3bqGu97Rao6MZmcRtbcO6rqblX+Ba8dsPwlBU6YY/u6Mbd//huhmAGDD91ksKyJL4DTf5KauYXTjFuBMwEE2l7LtnNhXKuA5PALDP4J1QwJs8Tdm3uO48NtVmkIN0SPABk8xk7Fqdu4iNtvko1W2zrmOsHjXdpZvASBBrMCRldMcUFNh4x0+jnSNiBwgBF+FOhykL stage@CentOs.formation",
                            "os_profile_linux_config.69840937.ssh_keys.0.path": "/home/morad/.ssh/authorized_keys",
                            "os_profile_secrets.#": "0",
                            "os_profile_windows_config.#": "0",
                            "plan.#": "0",
                            "resource_group_name": "tp-final",
                            "storage_data_disk.#": "0",
                            "storage_image_reference.#": "1",
                            "storage_image_reference.3239344252.id": "",
                            "storage_image_reference.3239344252.offer": "CentOS",
                            "storage_image_reference.3239344252.publisher": "OpenLogic",
                            "storage_image_reference.3239344252.sku": "7.6",
                            "storage_image_reference.3239344252.version": "latest",
                            "storage_os_disk.#": "1",
                            "storage_os_disk.0.caching": "ReadWrite",
                            "storage_os_disk.0.create_option": "FromImage",
                            "storage_os_disk.0.disk_size_gb": "30",
                            "storage_os_disk.0.image_uri": "",
                            "storage_os_disk.0.managed_disk_id": "/subscriptions/3ce1e65b-0d33-4c30-b8f0-d9414f79745c/resourceGroups/TP-FINAL/providers/Microsoft.Compute/disks/prodDisk",
                            "storage_os_disk.0.managed_disk_type": "Standard_LRS",
                            "storage_os_disk.0.name": "prodDisk",
                            "storage_os_disk.0.os_type": "Linux",
                            "storage_os_disk.0.vhd_uri": "",
                            "storage_os_disk.0.write_accelerator_enabled": "false",
                            "tags.%": "0",
                            "vm_size": "Standard_B1s",
                            "zones.#": "0"
                        },
                        "meta": {},
                        "tainted": false
                    },
                    "deposed": [],
                    "provider": "provider.azurerm"
                }
            },
            "depends_on": []
        }
    ]
}
